
Microsoft Visual Studio Solution File, Format Version 12.00
# Visual Studio 2012
Project("{FAE04EC0-301F-11D3-BF4B-00C04F79EFBC}") = "Fws.Collections", "Fws.Collections\Fws.Collections.csproj", "{CAFDA5A1-57CD-4538-A4B8-266E99942B84}"
EndProject
Project("{FAE04EC0-301F-11D3-BF4B-00C04F79EFBC}") = "Fws.Collections.Test", "Fws.Collections.Test\Fws.Collections.Test.csproj", "{B250008D-D1FF-4BB7-9950-B316FC91DE63}"
EndProject
Project("{FAE04EC0-301F-11D3-BF4B-00C04F79EFBC}") = "HouseKeepingService", "HouseKeepingService\HouseKeepingService.csproj", "{BF973274-4518-4192-A5E9-097195B8C304}"
EndProject
Project("{6141683F-8A12-4E36-9623-2EB02B2C2303}") = "Setup3", "Setup3\Setup3.isproj", "{DFF6DB54-2652-460D-A66C-3C90639FD1B2}"
	ProjectSection(ProjectDependencies) = postProject
		{BF973274-4518-4192-A5E9-097195B8C304} = {BF973274-4518-4192-A5E9-097195B8C304}
		{CAFDA5A1-57CD-4538-A4B8-266E99942B84} = {CAFDA5A1-57CD-4538-A4B8-266E99942B84}
	EndProjectSection
EndProject
Global
	GlobalSection(SolutionConfigurationPlatforms) = preSolution
		CD_ROM|Any CPU = CD_ROM|Any CPU
		Debug|Any CPU = Debug|Any CPU
		DVD-5|Any CPU = DVD-5|Any CPU
		Release|Any CPU = Release|Any CPU
		SingleImage|Any CPU = SingleImage|Any CPU
	EndGlobalSection
	GlobalSection(ProjectConfigurationPlatforms) = postSolution
		{CAFDA5A1-57CD-4538-A4B8-266E99942B84}.CD_ROM|Any CPU.ActiveCfg = Release|Any CPU
		{CAFDA5A1-57CD-4538-A4B8-266E99942B84}.CD_ROM|Any CPU.Build.0 = Release|Any CPU
		{CAFDA5A1-57CD-4538-A4B8-266E99942B84}.Debug|Any CPU.ActiveCfg = Debug|Any CPU
		{CAFDA5A1-57CD-4538-A4B8-266E99942B84}.Debug|Any CPU.Build.0 = Debug|Any CPU
		{CAFDA5A1-57CD-4538-A4B8-266E99942B84}.DVD-5|Any CPU.ActiveCfg = Debug|Any CPU
		{CAFDA5A1-57CD-4538-A4B8-266E99942B84}.DVD-5|Any CPU.Build.0 = Debug|Any CPU
		{CAFDA5A1-57CD-4538-A4B8-266E99942B84}.Release|Any CPU.ActiveCfg = Release|Any CPU
		{CAFDA5A1-57CD-4538-A4B8-266E99942B84}.Release|Any CPU.Build.0 = Release|Any CPU
		{CAFDA5A1-57CD-4538-A4B8-266E99942B84}.SingleImage|Any CPU.ActiveCfg = Release|Any CPU
		{CAFDA5A1-57CD-4538-A4B8-266E99942B84}.SingleImage|Any CPU.Build.0 = Release|Any CPU
		{B250008D-D1FF-4BB7-9950-B316FC91DE63}.CD_ROM|Any CPU.ActiveCfg = Release|Any CPU
		{B250008D-D1FF-4BB7-9950-B316FC91DE63}.CD_ROM|Any CPU.Build.0 = Release|Any CPU
		{B250008D-D1FF-4BB7-9950-B316FC91DE63}.Debug|Any CPU.ActiveCfg = Debug|Any CPU
		{B250008D-D1FF-4BB7-9950-B316FC91DE63}.Debug|Any CPU.Build.0 = Debug|Any CPU
		{B250008D-D1FF-4BB7-9950-B316FC91DE63}.DVD-5|Any CPU.ActiveCfg = Debug|Any CPU
		{B250008D-D1FF-4BB7-9950-B316FC91DE63}.DVD-5|Any CPU.Build.0 = Debug|Any CPU
		{B250008D-D1FF-4BB7-9950-B316FC91DE63}.Release|Any CPU.ActiveCfg = Release|Any CPU
		{B250008D-D1FF-4BB7-9950-B316FC91DE63}.Release|Any CPU.Build.0 = Release|Any CPU
		{B250008D-D1FF-4BB7-9950-B316FC91DE63}.SingleImage|Any CPU.ActiveCfg = Release|Any CPU
		{B250008D-D1FF-4BB7-9950-B316FC91DE63}.SingleImage|Any CPU.Build.0 = Release|Any CPU
		{BF973274-4518-4192-A5E9-097195B8C304}.CD_ROM|Any CPU.ActiveCfg = Release|Any CPU
		{BF973274-4518-4192-A5E9-097195B8C304}.CD_ROM|Any CPU.Build.0 = Release|Any CPU
		{BF973274-4518-4192-A5E9-097195B8C304}.Debug|Any CPU.ActiveCfg = Debug|Any CPU
		{BF973274-4518-4192-A5E9-097195B8C304}.Debug|Any CPU.Build.0 = Debug|Any CPU
		{BF973274-4518-4192-A5E9-097195B8C304}.DVD-5|Any CPU.ActiveCfg = Debug|Any CPU
		{BF973274-4518-4192-A5E9-097195B8C304}.DVD-5|Any CPU.Build.0 = Debug|Any CPU
		{BF973274-4518-4192-A5E9-097195B8C304}.Release|Any CPU.ActiveCfg = Release|Any CPU
		{BF973274-4518-4192-A5E9-097195B8C304}.Release|Any CPU.Build.0 = Release|Any CPU
		{BF973274-4518-4192-A5E9-097195B8C304}.SingleImage|Any CPU.ActiveCfg = Release|Any CPU
		{BF973274-4518-4192-A5E9-097195B8C304}.SingleImage|Any CPU.Build.0 = Release|Any CPU
		{DFF6DB54-2652-460D-A66C-3C90639FD1B2}.CD_ROM|Any CPU.ActiveCfg = CD_ROM
		{DFF6DB54-2652-460D-A66C-3C90639FD1B2}.CD_ROM|Any CPU.Build.0 = CD_ROM
		{DFF6DB54-2652-460D-A66C-3C90639FD1B2}.Debug|Any CPU.ActiveCfg = DVD-5
		{DFF6DB54-2652-460D-A66C-3C90639FD1B2}.Debug|Any CPU.Build.0 = DVD-5
		{DFF6DB54-2652-460D-A66C-3C90639FD1B2}.DVD-5|Any CPU.ActiveCfg = DVD-5
		{DFF6DB54-2652-460D-A66C-3C90639FD1B2}.DVD-5|Any CPU.Build.0 = DVD-5
		{DFF6DB54-2652-460D-A66C-3C90639FD1B2}.Release|Any CPU.ActiveCfg = SingleImage
		{DFF6DB54-2652-460D-A66C-3C90639FD1B2}.Release|Any CPU.Build.0 = SingleImage
		{DFF6DB54-2652-460D-A66C-3C90639FD1B2}.SingleImage|Any CPU.ActiveCfg = SingleImage
		{DFF6DB54-2652-460D-A66C-3C90639FD1B2}.SingleImage|Any CPU.Build.0 = SingleImage
	EndGlobalSection
	GlobalSection(SolutionProperties) = preSolution
		HideSolutionNode = FALSE
	EndGlobalSection
EndGlobal
